{
    "_readme": [
        "This file locks the dependencies of your project to a known state",
        "Read more about it at https://getcomposer.org/doc/01-basic-usage.md#composer-lock-the-lock-file",
        "This file is @generated automatically"
    ],
    "hash": "8e100e752c632fdfb7bc20f8e5653fd9",
    "packages": [
        {
            "name": "jbbcode/jbbcode",
            "version": "v1.2.1",
            "source": {
                "type": "git",
                "url": "https://github.com/jbowens/jBBCode.git",
                "reference": "ffd9ab7a22da3c0ef651a7bf8e2a40938c9c2512"
            },
            "dist": {
                "type": "zip",
                "url": "https://api.github.com/repos/jbowens/jBBCode/zipball/ffd9ab7a22da3c0ef651a7bf8e2a40938c9c2512",
                "reference": "ffd9ab7a22da3c0ef651a7bf8e2a40938c9c2512",
                "shasum": ""
            },
            "require": {
                "php": ">=5.3.0"
            },
            "require-dev": {
                "phpunit/phpunit": "3.7.*"
            },
            "type": "library",
            "autoload": {
                "psr-0": {
                    "JBBCode": "."
                }
            },
            "notification-url": "https://packagist.org/downloads/",
            "license": [
                "MIT"
            ],
            "authors": [
                {
                    "name": "Jackson Owens",
                    "email": "jackson_owens@brown.edu",
                    "homepage": "http://jbowens.org/",
                    "role": "Developer"
                }
            ],
            "description": "A lightweight but extensible BBCode parser written in PHP 5.3.",
            "homepage": "http://jbbcode.com/",
            "keywords": [
                "BB",
                "bbcode"
            ],
            "time": "2013-08-09 07:46:28"
        },
        {
            "name": "tinymce/tinymce",
            "version": "4.2.3",
            "source": {
                "type": "git",
                "url": "https://github.com/tinymce/tinymce-dist.git",
                "reference": "1dac1eba2f84f52710b30c68ae2f571f739d01a2"
            },
            "dist": {
                "type": "zip",
                "url": "https://api.github.com/repos/tinymce/tinymce-dist/zipball/1dac1eba2f84f52710b30c68ae2f571f739d01a2",
                "reference": "1dac1eba2f84f52710b30c68ae2f571f739d01a2",
                "shasum": ""
            },
            "type": "component",
            "extra": {
                "component": {
                    "scripts": [
                        "tinymce.js",
                        "plugins/*/plugin.js",
                        "themes/*/theme.js"
                    ],
                    "files": [
                        "tinymce.min.js",
                        "plugins/*/plugin.min.js",
                        "themes/*/theme.min.js",
                        "skins/**"
                    ]
                }
            },
            "notification-url": "https://packagist.org/downloads/",
            "license": [
                "LGPL-2.1"
            ],
            "description": "Web based JavaScript HTML WYSIWYG editor control.",
            "homepage": "http://www.tinymce.com",
            "keywords": [
                "editor",
                "html",
                "javascript",
                "richtext",
                "tinymce",
                "wysiwyg"
            ],
            "time": "2015-07-30 06:56:12"
        },
        {
            "name": "twig/twig",
            "version": "v1.19.0",
            "source": {
                "type": "git",
                "url": "https://github.com/twigphp/Twig.git",
                "reference": "edbeaf43b0a606cdaadc32a11d2673614a377b90"
            },
            "dist": {
                "type": "zip",
                "url": "https://api.github.com/repos/twigphp/Twig/zipball/edbeaf43b0a606cdaadc32a11d2673614a377b90",
                "reference": "edbeaf43b0a606cdaadc32a11d2673614a377b90",
                "shasum": ""
            },
            "require": {
                "php": ">=5.2.7"
            },
            "type": "library",
            "extra": {
                "branch-alias": {
                    "dev-master": "1.19-dev"
                }
            },
            "autoload": {
                "psr-0": {
                    "Twig_": "lib/"
                }
            },
            "notification-url": "https://packagist.org/downloads/",
            "license": [
                "BSD-3-Clause"
            ],
            "authors": [
                {
                    "name": "Fabien Potencier",
                    "email": "fabien@symfony.com",
                    "homepage": "http://fabien.potencier.org",
                    "role": "Lead Developer"
                },
                {
                    "name": "Armin Ronacher",
                    "email": "armin.ronacher@active-4.com",
                    "role": "Project Founder"
                },
                {
                    "name": "Twig Team",
                    "homepage": "http://twig.sensiolabs.org/contributors",
                    "role": "Contributors"
                }
            ],
            "description": "Twig, the flexible, fast, and secure template language for PHP",
            "homepage": "http://twig.sensiolabs.org",
            "keywords": [
                "templating"
            ],
            "time": "2015-07-31 13:45:26"
        }
    ],
    "packages-dev": [],
    "aliases": [],
    "minimum-stability": "stable",
    "stability-flags": [],
    "prefer-stable": false,
    "prefer-lowest": false,
    "platform": {
        "php": ">=5.3"
    },
    "platform-dev": []
}
